// !$*UTF8*$!
{
	archiveVersion = 1;
	classes = {
	};
	objectVersion = 56;
	objects = {

/* Begin PBXBuildFile section */
		0504E8772B0CD58E00B4EECA /* ObjectDetectionService.swift in Sources */ = {isa = PBXBuildFile; fileRef = 0504E8762B0CD58E00B4EECA /* ObjectDetectionService.swift */; };
		0504E8792B0CDA3700B4EECA /* UIDevice+Extension.swift in Sources */ = {isa = PBXBuildFile; fileRef = 0504E8782B0CDA3700B4EECA /* UIDevice+Extension.swift */; };
		0504E87D2B0DCE6000B4EECA /* BubbleNode.swift in Sources */ = {isa = PBXBuildFile; fileRef = 0504E87C2B0DCE6000B4EECA /* BubbleNode.swift */; };
		0504E87F2B0DCEBB00B4EECA /* Throttler.swift in Sources */ = {isa = PBXBuildFile; fileRef = 0504E87E2B0DCEBB00B4EECA /* Throttler.swift */; };
		0504E8812B0DF0DA00B4EECA /* SCNVector3+Extension.swift in Sources */ = {isa = PBXBuildFile; fileRef = 0504E8802B0DF0DA00B4EECA /* SCNVector3+Extension.swift */; };
		056A34482B124F0700221778 /* ButtonDetector.mlpackage in Sources */ = {isa = PBXBuildFile; fileRef = 056A34472B124F0700221778 /* ButtonDetector.mlpackage */; };
		93248465E3122CBBA9BF0F08 /* Pods_ButtonARGuide.framework in Frameworks */ = {isa = PBXBuildFile; fileRef = 8BF5F7AB28CA249BCCB05FC7 /* Pods_ButtonARGuide.framework */; };
		CE276C962B088B070054F122 /* buttondetaildata.json in Resources */ = {isa = PBXBuildFile; fileRef = CE276C952B088B070054F122 /* buttondetaildata.json */; };
		CE276C992B088B7F0054F122 /* ListView1.swift in Sources */ = {isa = PBXBuildFile; fileRef = CE276C982B088B7F0054F122 /* ListView1.swift */; };
		CE276C9B2B088B880054F122 /* ListView2.swift in Sources */ = {isa = PBXBuildFile; fileRef = CE276C9A2B088B880054F122 /* ListView2.swift */; };
		CE276C9D2B088B910054F122 /* ListView3.swift in Sources */ = {isa = PBXBuildFile; fileRef = CE276C9C2B088B910054F122 /* ListView3.swift */; };
		CE276C9F2B088B9B0054F122 /* ListView4.swift in Sources */ = {isa = PBXBuildFile; fileRef = CE276C9E2B088B9B0054F122 /* ListView4.swift */; };
		CE276CA12B088BE40054F122 /* ButtonListModel.swift in Sources */ = {isa = PBXBuildFile; fileRef = CE276CA02B088BE40054F122 /* ButtonListModel.swift */; };
		CE276CA32B089CAB0054F122 /* PreviousHistoryView.swift in Sources */ = {isa = PBXBuildFile; fileRef = CE276CA22B089CAB0054F122 /* PreviousHistoryView.swift */; };
		CE2F6BA62AC68F5B00B83A76 /* ButtonARGuideApp.swift in Sources */ = {isa = PBXBuildFile; fileRef = CE2F6BA52AC68F5B00B83A76 /* ButtonARGuideApp.swift */; };
		CE2F6BA82AC68F5B00B83A76 /* ContentView.swift in Sources */ = {isa = PBXBuildFile; fileRef = CE2F6BA72AC68F5B00B83A76 /* ContentView.swift */; };
		CE2F6BAA2AC68F5D00B83A76 /* Assets.xcassets in Resources */ = {isa = PBXBuildFile; fileRef = CE2F6BA92AC68F5D00B83A76 /* Assets.xcassets */; };
		CE2F6BAD2AC68F5D00B83A76 /* Preview Assets.xcassets in Resources */ = {isa = PBXBuildFile; fileRef = CE2F6BAC2AC68F5D00B83A76 /* Preview Assets.xcassets */; };
		CE4090DB2AD83F530057316A /* EmailViewModel.swift in Sources */ = {isa = PBXBuildFile; fileRef = CE4090DA2AD83F530057316A /* EmailViewModel.swift */; };
		CE4090DD2AD840390057316A /* GoogleService-Info.plist in Resources */ = {isa = PBXBuildFile; fileRef = CE4090DC2AD840390057316A /* GoogleService-Info.plist */; };
		CE4090E02AD841A90057316A /* FirebaseAuth in Frameworks */ = {isa = PBXBuildFile; productRef = CE4090DF2AD841A90057316A /* FirebaseAuth */; };
		CE4090E22AD841A90057316A /* FirebaseFirestore in Frameworks */ = {isa = PBXBuildFile; productRef = CE4090E12AD841A90057316A /* FirebaseFirestore */; };
		CE4090E42AD8451A0057316A /* SignUpView2.swift in Sources */ = {isa = PBXBuildFile; fileRef = CE4090E32AD8451A0057316A /* SignUpView2.swift */; };
		CE4090E62AD8453D0057316A /* SignUpView1.swift in Sources */ = {isa = PBXBuildFile; fileRef = CE4090E52AD8453D0057316A /* SignUpView1.swift */; };
		CE4090E82AD845890057316A /* ColorExtentsion.swift in Sources */ = {isa = PBXBuildFile; fileRef = CE4090E72AD845890057316A /* ColorExtentsion.swift */; };
		CE4090EA2AD845BF0057316A /* KeyboardExtension.swift in Sources */ = {isa = PBXBuildFile; fileRef = CE4090E92AD845BF0057316A /* KeyboardExtension.swift */; };
		CE4090ED2AD84AC60057316A /* SignInView1.swift in Sources */ = {isa = PBXBuildFile; fileRef = CE4090EC2AD84AC60057316A /* SignInView1.swift */; };
		CE4090F02AD84FA50057316A /* Launch Screen.storyboard in Resources */ = {isa = PBXBuildFile; fileRef = CE4090EF2AD84FA50057316A /* Launch Screen.storyboard */; };
		CE4090F22AD852F50057316A /* SignUpView3.swift in Sources */ = {isa = PBXBuildFile; fileRef = CE4090F12AD852F50057316A /* SignUpView3.swift */; };
		CE4090F52AD85A7A0057316A /* HomeView.swift in Sources */ = {isa = PBXBuildFile; fileRef = CE4090F42AD85A7A0057316A /* HomeView.swift */; };
		CE4090FA2AD869EB0057316A /* MyPageView.swift in Sources */ = {isa = PBXBuildFile; fileRef = CE4090F92AD869EB0057316A /* MyPageView.swift */; };
		CE4090FC2AD86B2F0057316A /* SearchView.swift in Sources */ = {isa = PBXBuildFile; fileRef = CE4090FB2AD86B2E0057316A /* SearchView.swift */; };
		CE50BBA12AD99BC100D34F5A /* ARSceneView.swift in Sources */ = {isa = PBXBuildFile; fileRef = CE50BBA02AD99BC100D34F5A /* ARSceneView.swift */; };
		CE50BBA32AD99BE700D34F5A /* Coordinator.swift in Sources */ = {isa = PBXBuildFile; fileRef = CE50BBA22AD99BE700D34F5A /* Coordinator.swift */; };
		CE50BBA52AD9A78700D34F5A /* PlaceHolderExtentsion.swift in Sources */ = {isa = PBXBuildFile; fileRef = CE50BBA42AD9A78700D34F5A /* PlaceHolderExtentsion.swift */; };
/* End PBXBuildFile section */

/* Begin PBXFileReference section */
		0064B1DA267BDB4C60AFBF78 /* Pods-ButtonARGuide.release.xcconfig */ = {isa = PBXFileReference; includeInIndex = 1; lastKnownFileType = text.xcconfig; name = "Pods-ButtonARGuide.release.xcconfig"; path = "Target Support Files/Pods-ButtonARGuide/Pods-ButtonARGuide.release.xcconfig"; sourceTree = "<group>"; };
		0504E8762B0CD58E00B4EECA /* ObjectDetectionService.swift */ = {isa = PBXFileReference; lastKnownFileType = sourcecode.swift; path = ObjectDetectionService.swift; sourceTree = "<group>"; };
		0504E8782B0CDA3700B4EECA /* UIDevice+Extension.swift */ = {isa = PBXFileReference; fileEncoding = 4; lastKnownFileType = sourcecode.swift; path = "UIDevice+Extension.swift"; sourceTree = "<group>"; };
		0504E87C2B0DCE6000B4EECA /* BubbleNode.swift */ = {isa = PBXFileReference; lastKnownFileType = sourcecode.swift; path = BubbleNode.swift; sourceTree = "<group>"; };
		0504E87E2B0DCEBB00B4EECA /* Throttler.swift */ = {isa = PBXFileReference; fileEncoding = 4; lastKnownFileType = sourcecode.swift; path = Throttler.swift; sourceTree = "<group>"; };
		0504E8802B0DF0DA00B4EECA /* SCNVector3+Extension.swift */ = {isa = PBXFileReference; fileEncoding = 4; lastKnownFileType = sourcecode.swift; path = "SCNVector3+Extension.swift"; sourceTree = "<group>"; };
		056A34472B124F0700221778 /* ButtonDetector.mlpackage */ = {isa = PBXFileReference; lastKnownFileType = folder.mlpackage; path = ButtonDetector.mlpackage; sourceTree = "<group>"; };
		180B42E0541FC00D0B95CA6B /* Pods-ButtonARGuide.debug.xcconfig */ = {isa = PBXFileReference; includeInIndex = 1; lastKnownFileType = text.xcconfig; name = "Pods-ButtonARGuide.debug.xcconfig"; path = "Target Support Files/Pods-ButtonARGuide/Pods-ButtonARGuide.debug.xcconfig"; sourceTree = "<group>"; };
		8BF5F7AB28CA249BCCB05FC7 /* Pods_ButtonARGuide.framework */ = {isa = PBXFileReference; explicitFileType = wrapper.framework; includeInIndex = 0; path = Pods_ButtonARGuide.framework; sourceTree = BUILT_PRODUCTS_DIR; };
		CE276C952B088B070054F122 /* buttondetaildata.json */ = {isa = PBXFileReference; fileEncoding = 4; lastKnownFileType = text.json; path = buttondetaildata.json; sourceTree = "<group>"; };
		CE276C982B088B7F0054F122 /* ListView1.swift */ = {isa = PBXFileReference; lastKnownFileType = sourcecode.swift; path = ListView1.swift; sourceTree = "<group>"; };
		CE276C9A2B088B880054F122 /* ListView2.swift */ = {isa = PBXFileReference; lastKnownFileType = sourcecode.swift; path = ListView2.swift; sourceTree = "<group>"; };
		CE276C9C2B088B910054F122 /* ListView3.swift */ = {isa = PBXFileReference; lastKnownFileType = sourcecode.swift; path = ListView3.swift; sourceTree = "<group>"; };
		CE276C9E2B088B9B0054F122 /* ListView4.swift */ = {isa = PBXFileReference; lastKnownFileType = sourcecode.swift; path = ListView4.swift; sourceTree = "<group>"; };
		CE276CA02B088BE40054F122 /* ButtonListModel.swift */ = {isa = PBXFileReference; lastKnownFileType = sourcecode.swift; path = ButtonListModel.swift; sourceTree = "<group>"; };
		CE276CA22B089CAB0054F122 /* PreviousHistoryView.swift */ = {isa = PBXFileReference; lastKnownFileType = sourcecode.swift; path = PreviousHistoryView.swift; sourceTree = "<group>"; };
		CE2F6BA22AC68F5B00B83A76 /* ButtonARGuide.app */ = {isa = PBXFileReference; explicitFileType = wrapper.application; includeInIndex = 0; path = ButtonARGuide.app; sourceTree = BUILT_PRODUCTS_DIR; };
		CE2F6BA52AC68F5B00B83A76 /* ButtonARGuideApp.swift */ = {isa = PBXFileReference; lastKnownFileType = sourcecode.swift; path = ButtonARGuideApp.swift; sourceTree = "<group>"; };
		CE2F6BA72AC68F5B00B83A76 /* ContentView.swift */ = {isa = PBXFileReference; lastKnownFileType = sourcecode.swift; path = ContentView.swift; sourceTree = "<group>"; };
		CE2F6BA92AC68F5D00B83A76 /* Assets.xcassets */ = {isa = PBXFileReference; lastKnownFileType = folder.assetcatalog; path = Assets.xcassets; sourceTree = "<group>"; };
		CE2F6BAC2AC68F5D00B83A76 /* Preview Assets.xcassets */ = {isa = PBXFileReference; lastKnownFileType = folder.assetcatalog; path = "Preview Assets.xcassets"; sourceTree = "<group>"; };
		CE4090DA2AD83F530057316A /* EmailViewModel.swift */ = {isa = PBXFileReference; lastKnownFileType = sourcecode.swift; path = EmailViewModel.swift; sourceTree = "<group>"; };
		CE4090DC2AD840390057316A /* GoogleService-Info.plist */ = {isa = PBXFileReference; fileEncoding = 4; lastKnownFileType = text.plist.xml; path = "GoogleService-Info.plist"; sourceTree = "<group>"; };
		CE4090E32AD8451A0057316A /* SignUpView2.swift */ = {isa = PBXFileReference; lastKnownFileType = sourcecode.swift; path = SignUpView2.swift; sourceTree = "<group>"; };
		CE4090E52AD8453D0057316A /* SignUpView1.swift */ = {isa = PBXFileReference; lastKnownFileType = sourcecode.swift; path = SignUpView1.swift; sourceTree = "<group>"; };
		CE4090E72AD845890057316A /* ColorExtentsion.swift */ = {isa = PBXFileReference; lastKnownFileType = sourcecode.swift; path = ColorExtentsion.swift; sourceTree = "<group>"; };
		CE4090E92AD845BF0057316A /* KeyboardExtension.swift */ = {isa = PBXFileReference; lastKnownFileType = sourcecode.swift; path = KeyboardExtension.swift; sourceTree = "<group>"; };
		CE4090EC2AD84AC60057316A /* SignInView1.swift */ = {isa = PBXFileReference; lastKnownFileType = sourcecode.swift; path = SignInView1.swift; sourceTree = "<group>"; };
		CE4090EE2AD84C220057316A /* Info.plist */ = {isa = PBXFileReference; lastKnownFileType = text.plist; path = Info.plist; sourceTree = "<group>"; };
		CE4090EF2AD84FA50057316A /* Launch Screen.storyboard */ = {isa = PBXFileReference; lastKnownFileType = file.storyboard; path = "Launch Screen.storyboard"; sourceTree = "<group>"; };
		CE4090F12AD852F50057316A /* SignUpView3.swift */ = {isa = PBXFileReference; lastKnownFileType = sourcecode.swift; path = SignUpView3.swift; sourceTree = "<group>"; };
		CE4090F42AD85A7A0057316A /* HomeView.swift */ = {isa = PBXFileReference; lastKnownFileType = sourcecode.swift; path = HomeView.swift; sourceTree = "<group>"; };
		CE4090F92AD869EB0057316A /* MyPageView.swift */ = {isa = PBXFileReference; lastKnownFileType = sourcecode.swift; path = MyPageView.swift; sourceTree = "<group>"; };
		CE4090FB2AD86B2E0057316A /* SearchView.swift */ = {isa = PBXFileReference; lastKnownFileType = sourcecode.swift; path = SearchView.swift; sourceTree = "<group>"; };
		CE50BBA02AD99BC100D34F5A /* ARSceneView.swift */ = {isa = PBXFileReference; lastKnownFileType = sourcecode.swift; path = ARSceneView.swift; sourceTree = "<group>"; };
		CE50BBA22AD99BE700D34F5A /* Coordinator.swift */ = {isa = PBXFileReference; lastKnownFileType = sourcecode.swift; path = Coordinator.swift; sourceTree = "<group>"; };
		CE50BBA42AD9A78700D34F5A /* PlaceHolderExtentsion.swift */ = {isa = PBXFileReference; lastKnownFileType = sourcecode.swift; path = PlaceHolderExtentsion.swift; sourceTree = "<group>"; };
/* End PBXFileReference section */

/* Begin PBXFrameworksBuildPhase section */
		CE2F6B9F2AC68F5B00B83A76 /* Frameworks */ = {
			isa = PBXFrameworksBuildPhase;
			buildActionMask = 2147483647;
			files = (
				93248465E3122CBBA9BF0F08 /* Pods_ButtonARGuide.framework in Frameworks */,
				CE4090E02AD841A90057316A /* FirebaseAuth in Frameworks */,
				CE4090E22AD841A90057316A /* FirebaseFirestore in Frameworks */,
			);
			runOnlyForDeploymentPostprocessing = 0;
		};
/* End PBXFrameworksBuildPhase section */

/* Begin PBXGroup section */
		17C1AE8EF9E2F4EE2BEA740F /* Pods */ = {
			isa = PBXGroup;
			children = (
				180B42E0541FC00D0B95CA6B /* Pods-ButtonARGuide.debug.xcconfig */,
				0064B1DA267BDB4C60AFBF78 /* Pods-ButtonARGuide.release.xcconfig */,
			);
			path = Pods;
			sourceTree = "<group>";
		};
		CE276C972B088B660054F122 /* SearchList */ = {
			isa = PBXGroup;
			children = (
				CE276C952B088B070054F122 /* buttondetaildata.json */,
				CE276C982B088B7F0054F122 /* ListView1.swift */,
				CE276C9A2B088B880054F122 /* ListView2.swift */,
				CE276C9C2B088B910054F122 /* ListView3.swift */,
				CE276C9E2B088B9B0054F122 /* ListView4.swift */,
				CE276CA02B088BE40054F122 /* ButtonListModel.swift */,
			);
			path = SearchList;
			sourceTree = "<group>";
		};
		CE2F6B992AC68F5B00B83A76 = {
			isa = PBXGroup;
			children = (
				CE2F6BA42AC68F5B00B83A76 /* ButtonARGuide */,
				CE2F6BA32AC68F5B00B83A76 /* Products */,
				17C1AE8EF9E2F4EE2BEA740F /* Pods */,
				D2FF641FB4B25F1D6E8317D1 /* Frameworks */,
			);
			sourceTree = "<group>";
		};
		CE2F6BA32AC68F5B00B83A76 /* Products */ = {
			isa = PBXGroup;
			children = (
				CE2F6BA22AC68F5B00B83A76 /* ButtonARGuide.app */,
			);
			name = Products;
			sourceTree = "<group>";
		};
		CE2F6BA42AC68F5B00B83A76 /* ButtonARGuide */ = {
			isa = PBXGroup;
			children = (
				CE4090F62AD869820057316A /* ARView */,
				CE4090F32AD85A6D0057316A /* Home */,
				CE4090EE2AD84C220057316A /* Info.plist */,
				CE276C972B088B660054F122 /* SearchList */,
				CE4090EB2AD84AAF0057316A /* SignInView */,
				CE4090DC2AD840390057316A /* GoogleService-Info.plist */,
				CE4090D52AD83E840057316A /* SignUpView */,
				CE2F6BA52AC68F5B00B83A76 /* ButtonARGuideApp.swift */,
				CE2F6BA72AC68F5B00B83A76 /* ContentView.swift */,
				CE2F6BA92AC68F5D00B83A76 /* Assets.xcassets */,
				CE2F6BAB2AC68F5D00B83A76 /* Preview Content */,
				CE4090DA2AD83F530057316A /* EmailViewModel.swift */,
				CE4090E72AD845890057316A /* ColorExtentsion.swift */,
				CE4090E92AD845BF0057316A /* KeyboardExtension.swift */,
				CE4090EF2AD84FA50057316A /* Launch Screen.storyboard */,
				CE50BBA42AD9A78700D34F5A /* PlaceHolderExtentsion.swift */,
			);
			path = ButtonARGuide;
			sourceTree = "<group>";
		};
		CE2F6BAB2AC68F5D00B83A76 /* Preview Content */ = {
			isa = PBXGroup;
			children = (
				CE2F6BAC2AC68F5D00B83A76 /* Preview Assets.xcassets */,
			);
			path = "Preview Content";
			sourceTree = "<group>";
		};
		CE4090D52AD83E840057316A /* SignUpView */ = {
			isa = PBXGroup;
			children = (
				CE4090E52AD8453D0057316A /* SignUpView1.swift */,
				CE4090E32AD8451A0057316A /* SignUpView2.swift */,
				CE4090F12AD852F50057316A /* SignUpView3.swift */,
			);
			path = SignUpView;
			sourceTree = "<group>";
		};
		CE4090EB2AD84AAF0057316A /* SignInView */ = {
			isa = PBXGroup;
			children = (
				CE4090EC2AD84AC60057316A /* SignInView1.swift */,
			);
			path = SignInView;
			sourceTree = "<group>";
		};
		CE4090F32AD85A6D0057316A /* Home */ = {
			isa = PBXGroup;
			children = (
				CE4090F42AD85A7A0057316A /* HomeView.swift */,
				CE4090FB2AD86B2E0057316A /* SearchView.swift */,
				CE4090F92AD869EB0057316A /* MyPageView.swift */,
				CE276CA22B089CAB0054F122 /* PreviousHistoryView.swift */,
			);
			path = Home;
			sourceTree = "<group>";
		};
		CE4090F62AD869820057316A /* ARView */ = {
			isa = PBXGroup;
			children = (
				056A34472B124F0700221778 /* ButtonDetector.mlpackage */,
				0504E87E2B0DCEBB00B4EECA /* Throttler.swift */,
				0504E87C2B0DCE6000B4EECA /* BubbleNode.swift */,
				0504E8782B0CDA3700B4EECA /* UIDevice+Extension.swift */,
				CE50BBA02AD99BC100D34F5A /* ARSceneView.swift */,
				CE50BBA22AD99BE700D34F5A /* Coordinator.swift */,
				0504E8762B0CD58E00B4EECA /* ObjectDetectionService.swift */,
				0504E8802B0DF0DA00B4EECA /* SCNVector3+Extension.swift */,
			);
			path = ARView;
			sourceTree = "<group>";
		};
		D2FF641FB4B25F1D6E8317D1 /* Frameworks */ = {
			isa = PBXGroup;
			children = (
				8BF5F7AB28CA249BCCB05FC7 /* Pods_ButtonARGuide.framework */,
			);
			name = Frameworks;
			sourceTree = "<group>";
		};
/* End PBXGroup section */

/* Begin PBXNativeTarget section */
		CE2F6BA12AC68F5B00B83A76 /* ButtonARGuide */ = {
			isa = PBXNativeTarget;
			buildConfigurationList = CE2F6BB02AC68F5D00B83A76 /* Build configuration list for PBXNativeTarget "ButtonARGuide" */;
			buildPhases = (
				FA1600E83C25A07566115C59 /* [CP] Check Pods Manifest.lock */,
				CE2F6B9E2AC68F5B00B83A76 /* Sources */,
				CE2F6B9F2AC68F5B00B83A76 /* Frameworks */,
				CE2F6BA02AC68F5B00B83A76 /* Resources */,
			);
			buildRules = (
			);
			dependencies = (
			);
			name = ButtonARGuide;
			packageProductDependencies = (
				CE4090DF2AD841A90057316A /* FirebaseAuth */,
				CE4090E12AD841A90057316A /* FirebaseFirestore */,
			);
			productName = ButtonARGuide;
			productReference = CE2F6BA22AC68F5B00B83A76 /* ButtonARGuide.app */;
			productType = "com.apple.product-type.application";
		};
/* End PBXNativeTarget section */

/* Begin PBXProject section */
		CE2F6B9A2AC68F5B00B83A76 /* Project object */ = {
			isa = PBXProject;
			attributes = {
				BuildIndependentTargetsInParallel = 1;
				LastSwiftUpdateCheck = 1420;
				LastUpgradeCheck = 1420;
				TargetAttributes = {
					CE2F6BA12AC68F5B00B83A76 = {
						CreatedOnToolsVersion = 14.2;
					};
				};
			};
			buildConfigurationList = CE2F6B9D2AC68F5B00B83A76 /* Build configuration list for PBXProject "ButtonARGuide" */;
			compatibilityVersion = "Xcode 14.0";
			developmentRegion = en;
			hasScannedForEncodings = 0;
			knownRegions = (
				en,
				Base,
			);
			mainGroup = CE2F6B992AC68F5B00B83A76;
			packageReferences = (
				CE4090DE2AD841A90057316A /* XCRemoteSwiftPackageReference "firebase-ios-sdk" */,
			);
			productRefGroup = CE2F6BA32AC68F5B00B83A76 /* Products */;
			projectDirPath = "";
			projectRoot = "";
			targets = (
				CE2F6BA12AC68F5B00B83A76 /* ButtonARGuide */,
			);
		};
/* End PBXProject section */

/* Begin PBXResourcesBuildPhase section */
		CE2F6BA02AC68F5B00B83A76 /* Resources */ = {
			isa = PBXResourcesBuildPhase;
			buildActionMask = 2147483647;
			files = (
				CE2F6BAD2AC68F5D00B83A76 /* Preview Assets.xcassets in Resources */,
				CE2F6BAA2AC68F5D00B83A76 /* Assets.xcassets in Resources */,
				CE276C962B088B070054F122 /* buttondetaildata.json in Resources */,
				CE4090F02AD84FA50057316A /* Launch Screen.storyboard in Resources */,
				CE4090DD2AD840390057316A /* GoogleService-Info.plist in Resources */,
			);
			runOnlyForDeploymentPostprocessing = 0;
		};
/* End PBXResourcesBuildPhase section */

/* Begin PBXShellScriptBuildPhase section */
		FA1600E83C25A07566115C59 /* [CP] Check Pods Manifest.lock */ = {
			isa = PBXShellScriptBuildPhase;
			buildActionMask = 2147483647;
			files = (
			);
			inputFileListPaths = (
			);
			inputPaths = (
				"${PODS_PODFILE_DIR_PATH}/Podfile.lock",
				"${PODS_ROOT}/Manifest.lock",
			);
			name = "[CP] Check Pods Manifest.lock";
			outputFileListPaths = (
			);
			outputPaths = (
				"$(DERIVED_FILE_DIR)/Pods-ButtonARGuide-checkManifestLockResult.txt",
			);
			runOnlyForDeploymentPostprocessing = 0;
			shellPath = /bin/sh;
			shellScript = "diff \"${PODS_PODFILE_DIR_PATH}/Podfile.lock\" \"${PODS_ROOT}/Manifest.lock\" > /dev/null\nif [ $? != 0 ] ; then\n    # print error to STDERR\n    echo \"error: The sandbox is not in sync with the Podfile.lock. Run 'pod install' or update your CocoaPods installation.\" >&2\n    exit 1\nfi\n# This output is used by Xcode 'outputs' to avoid re-running this script phase.\necho \"SUCCESS\" > \"${SCRIPT_OUTPUT_FILE_0}\"\n";
			showEnvVarsInLog = 0;
		};
/* End PBXShellScriptBuildPhase section */

/* Begin PBXSourcesBuildPhase section */
		CE2F6B9E2AC68F5B00B83A76 /* Sources */ = {
			isa = PBXSourcesBuildPhase;
			buildActionMask = 2147483647;
			files = (
				056A34482B124F0700221778 /* ButtonDetector.mlpackage in Sources */,
				CE50BBA52AD9A78700D34F5A /* PlaceHolderExtentsion.swift in Sources */,
				CE276CA12B088BE40054F122 /* ButtonListModel.swift in Sources */,
				CE4090ED2AD84AC60057316A /* SignInView1.swift in Sources */,
				CE276C992B088B7F0054F122 /* ListView1.swift in Sources */,
				CE2F6BA82AC68F5B00B83A76 /* ContentView.swift in Sources */,
				CE276C9B2B088B880054F122 /* ListView2.swift in Sources */,
				CE4090F22AD852F50057316A /* SignUpView3.swift in Sources */,
				CE4090F52AD85A7A0057316A /* HomeView.swift in Sources */,
				0504E87F2B0DCEBB00B4EECA /* Throttler.swift in Sources */,
				CE4090EA2AD845BF0057316A /* KeyboardExtension.swift in Sources */,
				CE50BBA12AD99BC100D34F5A /* ARSceneView.swift in Sources */,
				CE276C9F2B088B9B0054F122 /* ListView4.swift in Sources */,
				0504E8812B0DF0DA00B4EECA /* SCNVector3+Extension.swift in Sources */,
				CE50BBA32AD99BE700D34F5A /* Coordinator.swift in Sources */,
				CE276CA32B089CAB0054F122 /* PreviousHistoryView.swift in Sources */,
				CE4090FA2AD869EB0057316A /* MyPageView.swift in Sources */,
				0504E8772B0CD58E00B4EECA /* ObjectDetectionService.swift in Sources */,
				CE4090E62AD8453D0057316A /* SignUpView1.swift in Sources */,
				CE276C9D2B088B910054F122 /* ListView3.swift in Sources */,
				CE4090E82AD845890057316A /* ColorExtentsion.swift in Sources */,
				0504E8792B0CDA3700B4EECA /* UIDevice+Extension.swift in Sources */,
				CE4090FC2AD86B2F0057316A /* SearchView.swift in Sources */,
				CE2F6BA62AC68F5B00B83A76 /* ButtonARGuideApp.swift in Sources */,
				0504E87D2B0DCE6000B4EECA /* BubbleNode.swift in Sources */,
				CE4090DB2AD83F530057316A /* EmailViewModel.swift in Sources */,
				CE4090E42AD8451A0057316A /* SignUpView2.swift in Sources */,
			);
			runOnlyForDeploymentPostprocessing = 0;
		};
/* End PBXSourcesBuildPhase section */

/* Begin XCBuildConfiguration section */
		CE2F6BAE2AC68F5D00B83A76 /* Debug */ = {
			isa = XCBuildConfiguration;
			buildSettings = {
				ALWAYS_SEARCH_USER_PATHS = NO;
				CLANG_ANALYZER_NONNULL = YES;
				CLANG_ANALYZER_NUMBER_OBJECT_CONVERSION = YES_AGGRESSIVE;
				CLANG_CXX_LANGUAGE_STANDARD = "gnu++20";
				CLANG_ENABLE_MODULES = YES;
				CLANG_ENABLE_OBJC_ARC = YES;
				CLANG_ENABLE_OBJC_WEAK = YES;
				CLANG_WARN_BLOCK_CAPTURE_AUTORELEASING = YES;
				CLANG_WARN_BOOL_CONVERSION = YES;
				CLANG_WARN_COMMA = YES;
				CLANG_WARN_CONSTANT_CONVERSION = YES;
				CLANG_WARN_DEPRECATED_OBJC_IMPLEMENTATIONS = YES;
				CLANG_WARN_DIRECT_OBJC_ISA_USAGE = YES_ERROR;
				CLANG_WARN_DOCUMENTATION_COMMENTS = YES;
				CLANG_WARN_EMPTY_BODY = YES;
				CLANG_WARN_ENUM_CONVERSION = YES;
				CLANG_WARN_INFINITE_RECURSION = YES;
				CLANG_WARN_INT_CONVERSION = YES;
				CLANG_WARN_NON_LITERAL_NULL_CONVERSION = YES;
				CLANG_WARN_OBJC_IMPLICIT_RETAIN_SELF = YES;
				CLANG_WARN_OBJC_LITERAL_CONVERSION = YES;
				CLANG_WARN_OBJC_ROOT_CLASS = YES_ERROR;
				CLANG_WARN_QUOTED_INCLUDE_IN_FRAMEWORK_HEADER = YES;
				CLANG_WARN_RANGE_LOOP_ANALYSIS = YES;
				CLANG_WARN_STRICT_PROTOTYPES = YES;
				CLANG_WARN_SUSPICIOUS_MOVE = YES;
				CLANG_WARN_UNGUARDED_AVAILABILITY = YES_AGGRESSIVE;
				CLANG_WARN_UNREACHABLE_CODE = YES;
				CLANG_WARN__DUPLICATE_METHOD_MATCH = YES;
				COPY_PHASE_STRIP = NO;
				DEBUG_INFORMATION_FORMAT = dwarf;
				ENABLE_STRICT_OBJC_MSGSEND = YES;
				ENABLE_TESTABILITY = YES;
				GCC_C_LANGUAGE_STANDARD = gnu11;
				GCC_DYNAMIC_NO_PIC = NO;
				GCC_NO_COMMON_BLOCKS = YES;
				GCC_OPTIMIZATION_LEVEL = 0;
				GCC_PREPROCESSOR_DEFINITIONS = (
					"DEBUG=1",
					"$(inherited)",
				);
				GCC_WARN_64_TO_32_BIT_CONVERSION = YES;
				GCC_WARN_ABOUT_RETURN_TYPE = YES_ERROR;
				GCC_WARN_UNDECLARED_SELECTOR = YES;
				GCC_WARN_UNINITIALIZED_AUTOS = YES_AGGRESSIVE;
				GCC_WARN_UNUSED_FUNCTION = YES;
				GCC_WARN_UNUSED_VARIABLE = YES;
				IPHONEOS_DEPLOYMENT_TARGET = 16.2;
				MTL_ENABLE_DEBUG_INFO = INCLUDE_SOURCE;
				MTL_FAST_MATH = YES;
				ONLY_ACTIVE_ARCH = YES;
				SDKROOT = iphoneos;
				SWIFT_ACTIVE_COMPILATION_CONDITIONS = DEBUG;
				SWIFT_OPTIMIZATION_LEVEL = "-Onone";
			};
			name = Debug;
		};
		CE2F6BAF2AC68F5D00B83A76 /* Release */ = {
			isa = XCBuildConfiguration;
			buildSettings = {
				ALWAYS_SEARCH_USER_PATHS = NO;
				CLANG_ANALYZER_NONNULL = YES;
				CLANG_ANALYZER_NUMBER_OBJECT_CONVERSION = YES_AGGRESSIVE;
				CLANG_CXX_LANGUAGE_STANDARD = "gnu++20";
				CLANG_ENABLE_MODULES = YES;
				CLANG_ENABLE_OBJC_ARC = YES;
				CLANG_ENABLE_OBJC_WEAK = YES;
				CLANG_WARN_BLOCK_CAPTURE_AUTORELEASING = YES;
				CLANG_WARN_BOOL_CONVERSION = YES;
				CLANG_WARN_COMMA = YES;
				CLANG_WARN_CONSTANT_CONVERSION = YES;
				CLANG_WARN_DEPRECATED_OBJC_IMPLEMENTATIONS = YES;
				CLANG_WARN_DIRECT_OBJC_ISA_USAGE = YES_ERROR;
				CLANG_WARN_DOCUMENTATION_COMMENTS = YES;
				CLANG_WARN_EMPTY_BODY = YES;
				CLANG_WARN_ENUM_CONVERSION = YES;
				CLANG_WARN_INFINITE_RECURSION = YES;
				CLANG_WARN_INT_CONVERSION = YES;
				CLANG_WARN_NON_LITERAL_NULL_CONVERSION = YES;
				CLANG_WARN_OBJC_IMPLICIT_RETAIN_SELF = YES;
				CLANG_WARN_OBJC_LITERAL_CONVERSION = YES;
				CLANG_WARN_OBJC_ROOT_CLASS = YES_ERROR;
				CLANG_WARN_QUOTED_INCLUDE_IN_FRAMEWORK_HEADER = YES;
				CLANG_WARN_RANGE_LOOP_ANALYSIS = YES;
				CLANG_WARN_STRICT_PROTOTYPES = YES;
				CLANG_WARN_SUSPICIOUS_MOVE = YES;
				CLANG_WARN_UNGUARDED_AVAILABILITY = YES_AGGRESSIVE;
				CLANG_WARN_UNREACHABLE_CODE = YES;
				CLANG_WARN__DUPLICATE_METHOD_MATCH = YES;
				COPY_PHASE_STRIP = NO;
				DEBUG_INFORMATION_FORMAT = "dwarf-with-dsym";
				ENABLE_NS_ASSERTIONS = NO;
				ENABLE_STRICT_OBJC_MSGSEND = YES;
				GCC_C_LANGUAGE_STANDARD = gnu11;
				GCC_NO_COMMON_BLOCKS = YES;
				GCC_WARN_64_TO_32_BIT_CONVERSION = YES;
				GCC_WARN_ABOUT_RETURN_TYPE = YES_ERROR;
				GCC_WARN_UNDECLARED_SELECTOR = YES;
				GCC_WARN_UNINITIALIZED_AUTOS = YES_AGGRESSIVE;
				GCC_WARN_UNUSED_FUNCTION = YES;
				GCC_WARN_UNUSED_VARIABLE = YES;
				IPHONEOS_DEPLOYMENT_TARGET = 16.2;
				MTL_ENABLE_DEBUG_INFO = NO;
				MTL_FAST_MATH = YES;
				SDKROOT = iphoneos;
				SWIFT_COMPILATION_MODE = wholemodule;
				SWIFT_OPTIMIZATION_LEVEL = "-O";
				VALIDATE_PRODUCT = YES;
			};
			name = Release;
		};
		CE2F6BB12AC68F5D00B83A76 /* Debug */ = {
			isa = XCBuildConfiguration;
			baseConfigurationReference = 180B42E0541FC00D0B95CA6B /* Pods-ButtonARGuide.debug.xcconfig */;
			buildSettings = {
				ASSETCATALOG_COMPILER_APPICON_NAME = AppIcon;
				ASSETCATALOG_COMPILER_GLOBAL_ACCENT_COLOR_NAME = AccentColor;
				CODE_SIGN_STYLE = Automatic;
				CURRENT_PROJECT_VERSION = 1;
				DEVELOPMENT_ASSET_PATHS = "\"ButtonARGuide/Preview Content\"";
				DEVELOPMENT_TEAM = "";
				ENABLE_PREVIEWS = YES;
				GENERATE_INFOPLIST_FILE = YES;
				INFOPLIST_FILE = ButtonARGuide/Info.plist;
				INFOPLIST_KEY_NSCameraUsageDescription = "";
				INFOPLIST_KEY_UIApplicationSceneManifest_Generation = YES;
				INFOPLIST_KEY_UIApplicationSupportsIndirectInputEvents = YES;
				INFOPLIST_KEY_UILaunchStoryboardName = "Launch Screen.storyboard";
				INFOPLIST_KEY_UIRequiredDeviceCapabilities = arkit;
				INFOPLIST_KEY_UISupportedInterfaceOrientations_iPad = "UIInterfaceOrientationPortrait UIInterfaceOrientationPortraitUpsideDown UIInterfaceOrientationLandscapeLeft UIInterfaceOrientationLandscapeRight";
				INFOPLIST_KEY_UISupportedInterfaceOrientations_iPhone = "UIInterfaceOrientationPortrait UIInterfaceOrientationLandscapeLeft UIInterfaceOrientationLandscapeRight";
				LD_RUNPATH_SEARCH_PATHS = (
					"$(inherited)",
					"@executable_path/Frameworks",
				);
				MARKETING_VERSION = 1.0;
				PRODUCT_BUNDLE_IDENTIFIER = "Unique-i.net.user.ButtonARGuide";
				PRODUCT_NAME = "$(TARGET_NAME)";
				SWIFT_EMIT_LOC_STRINGS = YES;
				SWIFT_VERSION = 5.0;
				TARGETED_DEVICE_FAMILY = "1,2";
			};
			name = Debug;
		};
		CE2F6BB22AC68F5D00B83A76 /* Release */ = {
			isa = XCBuildConfiguration;
			baseConfigurationReference = 0064B1DA267BDB4C60AFBF78 /* Pods-ButtonARGuide.release.xcconfig */;
			buildSettings = {
				ASSETCATALOG_COMPILER_APPICON_NAME = AppIcon;
				ASSETCATALOG_COMPILER_GLOBAL_ACCENT_COLOR_NAME = AccentColor;
				CODE_SIGN_STYLE = Automatic;
				CURRENT_PROJECT_VERSION = 1;
				DEVELOPMENT_ASSET_PATHS = "\"ButtonARGuide/Preview Content\"";
				DEVELOPMENT_TEAM = "";
				ENABLE_PREVIEWS = YES;
				GENERATE_INFOPLIST_FILE = YES;
				INFOPLIST_FILE = ButtonARGuide/Info.plist;
				INFOPLIST_KEY_NSCameraUsageDescription = "";
				INFOPLIST_KEY_UIApplicationSceneManifest_Generation = YES;
				INFOPLIST_KEY_UIApplicationSupportsIndirectInputEvents = YES;
				INFOPLIST_KEY_UILaunchStoryboardName = "Launch Screen.storyboard";
				INFOPLIST_KEY_UIRequiredDeviceCapabilities = arkit;
				INFOPLIST_KEY_UISupportedInterfaceOrientations_iPad = "UIInterfaceOrientationPortrait UIInterfaceOrientationPortraitUpsideDown UIInterfaceOrientationLandscapeLeft UIInterfaceOrientationLandscapeRight";
				INFOPLIST_KEY_UISupportedInterfaceOrientations_iPhone = "UIInterfaceOrientationPortrait UIInterfaceOrientationLandscapeLeft UIInterfaceOrientationLandscapeRight";
				LD_RUNPATH_SEARCH_PATHS = (
					"$(inherited)",
					"@executable_path/Frameworks",
				);
				MARKETING_VERSION = 1.0;
				PRODUCT_BUNDLE_IDENTIFIER = "Unique-i.net.user.ButtonARGuide";
				PRODUCT_NAME = "$(TARGET_NAME)";
				SWIFT_EMIT_LOC_STRINGS = YES;
				SWIFT_VERSION = 5.0;
				TARGETED_DEVICE_FAMILY = "1,2";
			};
			name = Release;
		};
/* End XCBuildConfiguration section */

/* Begin XCConfigurationList section */
		CE2F6B9D2AC68F5B00B83A76 /* Build configuration list for PBXProject "ButtonARGuide" */ = {
			isa = XCConfigurationList;
			buildConfigurations = (
				CE2F6BAE2AC68F5D00B83A76 /* Debug */,
				CE2F6BAF2AC68F5D00B83A76 /* Release */,
			);
			defaultConfigurationIsVisible = 0;
			defaultConfigurationName = Release;
		};
		CE2F6BB02AC68F5D00B83A76 /* Build configuration list for PBXNativeTarget "ButtonARGuide" */ = {
			isa = XCConfigurationList;
			buildConfigurations = (
				CE2F6BB12AC68F5D00B83A76 /* Debug */,
				CE2F6BB22AC68F5D00B83A76 /* Release */,
			);
			defaultConfigurationIsVisible = 0;
			defaultConfigurationName = Release;
		};
/* End XCConfigurationList section */

/* Begin XCRemoteSwiftPackageReference section */
		CE4090DE2AD841A90057316A /* XCRemoteSwiftPackageReference "firebase-ios-sdk" */ = {
			isa = XCRemoteSwiftPackageReference;
			repositoryURL = "https://github.com/firebase/firebase-ios-sdk";
			requirement = {
				branch = master;
				kind = branch;
			};
		};
/* End XCRemoteSwiftPackageReference section */

/* Begin XCSwiftPackageProductDependency section */
		CE4090DF2AD841A90057316A /* FirebaseAuth */ = {
			isa = XCSwiftPackageProductDependency;
			package = CE4090DE2AD841A90057316A /* XCRemoteSwiftPackageReference "firebase-ios-sdk" */;
			productName = FirebaseAuth;
		};
		CE4090E12AD841A90057316A /* FirebaseFirestore */ = {
			isa = XCSwiftPackageProductDependency;
			package = CE4090DE2AD841A90057316A /* XCRemoteSwiftPackageReference "firebase-ios-sdk" */;
			productName = FirebaseFirestore;
		};
/* End XCSwiftPackageProductDependency section */
	};
	rootObject = CE2F6B9A2AC68F5B00B83A76 /* Project object */;
}
